{
  "name": "com.phonegap.helloworld",
  "version": "1.0.0",
  "lockfileVersion": 1,
  "dependencies": {
    "balanced-match": {
      "version": "1.0.0",
      "resolved": "https://registry.npmjs.org/balanced-match/-/balanced-match-1.0.0.tgz",
      "integrity": "sha1-ibTRmasr7kneFk6gK4nORi1xt2c="
    },
    "base64-js": {
      "version": "1.2.0",
      "resolved": "https://registry.npmjs.org/base64-js/-/base64-js-1.2.0.tgz",
      "integrity": "sha1-o5mS1yNYSBGYK+XikLtqU9hnAPE="
    },
    "brace-expansion": {
      "version": "1.1.8",
      "resolved": "https://registry.npmjs.org/brace-expansion/-/brace-expansion-1.1.8.tgz",
      "integrity": "sha1-wHshHHyVLsH479Uad+8NHTmQopI="
    },
    "concat-map": {
      "version": "0.0.1",
      "resolved": "https://registry.npmjs.org/concat-map/-/concat-map-0.0.1.tgz",
      "integrity": "sha1-2Klr13/Wjfd5OnMDajug1UBdR3s="
    },
    "cordova-android": {
      "version": "6.2.3",
      "resolved": "https://registry.npmjs.org/cordova-android/-/cordova-android-6.2.3.tgz",
      "integrity": "sha1-JJ8hts5fHxyEenq4OxaQnb7Vqig=",
      "dependencies": {
        "abbrev": {
          "version": "1.1.0",
          "bundled": true
        },
        "ansi": {
          "version": "0.3.1",
          "bundled": true
        },
        "balanced-match": {
          "version": "0.4.2",
          "bundled": true
        },
        "base64-js": {
          "version": "0.0.8",
          "bundled": true
        },
        "big-integer": {
          "version": "1.6.22",
          "bundled": true
        },
        "bplist-parser": {
          "version": "0.1.1",
          "bundled": true
        },
        "brace-expansion": {
          "version": "1.1.7",
          "bundled": true
        },
        "concat-map": {
          "version": "0.0.1",
          "bundled": true
        },
        "cordova-common": {
          "version": "2.0.2",
          "bundled": true
        },
        "cordova-registry-mapper": {
          "version": "1.1.15",
          "bundled": true
        },
        "elementtree": {
          "version": "0.1.6",
          "bundled": true
        },
        "glob": {
          "version": "5.0.15",
          "bundled": true
        },
        "inflight": {
          "version": "1.0.6",
          "bundled": true
        },
        "inherits": {
          "version": "2.0.3",
          "bundled": true
        },
        "lodash": {
          "version": "3.10.1",
          "bundled": true
        },
        "minimatch": {
          "version": "3.0.3",
          "bundled": true
        },
        "nopt": {
          "version": "3.0.6",
          "bundled": true
        },
        "once": {
          "version": "1.4.0",
          "bundled": true
        },
        "os-homedir": {
          "version": "1.0.2",
          "bundled": true
        },
        "os-tmpdir": {
          "version": "1.0.2",
          "bundled": true
        },
        "osenv": {
          "version": "0.1.4",
          "bundled": true
        },
        "path-is-absolute": {
          "version": "1.0.1",
          "bundled": true
        },
        "plist": {
          "version": "1.2.0",
          "bundled": true
        },
        "properties-parser": {
          "version": "0.2.3",
          "bundled": true
        },
        "q": {
          "version": "1.5.0",
          "bundled": true
        },
        "sax": {
          "version": "0.3.5",
          "bundled": true
        },
        "semver": {
          "version": "5.3.0",
          "bundled": true
        },
        "shelljs": {
          "version": "0.5.3",
          "bundled": true
        },
        "underscore": {
          "version": "1.8.3",
          "bundled": true
        },
        "unorm": {
          "version": "1.4.1",
          "bundled": true
        },
        "util-deprecate": {
          "version": "1.0.2",
          "bundled": true
        },
        "wrappy": {
          "version": "1.0.2",
          "bundled": true
        },
        "xmlbuilder": {
          "version": "4.0.0",
          "bundled": true
        },
        "xmldom": {
          "version": "0.1.27",
          "bundled": true
        }
      }
    },
    "cordova-browser": {
      "version": "4.1.0",
      "resolved": "https://registry.npmjs.org/cordova-browser/-/cordova-browser-4.1.0.tgz",
      "integrity": "sha1-dQeQZeXNUKpnQ8vYUxdhcFP7IMY=",
      "dependencies": {
        "adm-zip": {
          "version": "0.4.7",
          "bundled": true
        },
        "cordova-serve": {
          "version": "1.0.0",
          "bundled": true,
          "dependencies": {
            "chalk": {
              "version": "1.1.1",
              "bundled": true,
              "dependencies": {
                "ansi-styles": {
                  "version": "2.2.0",
                  "bundled": true,
                  "dependencies": {
                    "color-convert": {
                      "version": "1.0.0",
                      "bundled": true
                    }
                  }
                },
                "escape-string-regexp": {
                  "version": "1.0.5",
                  "bundled": true
                },
                "has-ansi": {
                  "version": "2.0.0",
                  "bundled": true,
                  "dependencies": {
                    "ansi-regex": {
                      "version": "2.0.0",
                      "bundled": true
                    }
                  }
                },
                "strip-ansi": {
                  "version": "3.0.1",
                  "bundled": true,
                  "dependencies": {
                    "ansi-regex": {
                      "version": "2.0.0",
                      "bundled": true
                    }
                  }
                },
                "supports-color": {
                  "version": "2.0.0",
                  "bundled": true
                }
              }
            },
            "compression": {
              "version": "1.6.1",
              "bundled": true,
              "dependencies": {
                "accepts": {
                  "version": "1.3.1",
                  "bundled": true,
                  "dependencies": {
                    "mime-types": {
                      "version": "2.1.10",
                      "bundled": true,
                      "dependencies": {
                        "mime-db": {
                          "version": "1.22.0",
                          "bundled": true
                        }
                      }
                    },
                    "negotiator": {
                      "version": "0.6.0",
                      "bundled": true
                    }
                  }
                },
                "bytes": {
                  "version": "2.2.0",
                  "bundled": true
                },
                "compressible": {
                  "version": "2.0.7",
                  "bundled": true,
                  "dependencies": {
                    "mime-db": {
                      "version": "1.22.0",
                      "bundled": true
                    }
                  }
                },
                "debug": {
                  "version": "2.2.0",
                  "bundled": true,
                  "dependencies": {
                    "ms": {
                      "version": "0.7.1",
                      "bundled": true
                    }
                  }
                },
                "on-headers": {
                  "version": "1.0.1",
                  "bundled": true
                },
                "vary": {
                  "version": "1.1.0",
                  "bundled": true
                }
              }
            },
            "express": {
              "version": "4.13.4",
              "bundled": true,
              "dependencies": {
                "accepts": {
                  "version": "1.2.13",
                  "bundled": true,
                  "dependencies": {
                    "mime-types": {
                      "version": "2.1.10",
                      "bundled": true,
                      "dependencies": {
                        "mime-db": {
                          "version": "1.22.0",
                          "bundled": true
                        }
                      }
                    },
                    "negotiator": {
                      "version": "0.5.3",
                      "bundled": true
                    }
                  }
                },
                "array-flatten": {
                  "version": "1.1.1",
                  "bundled": true
                },
                "content-disposition": {
                  "version": "0.5.1",
                  "bundled": true
                },
                "content-type": {
                  "version": "1.0.1",
                  "bundled": true
                },
                "cookie": {
                  "version": "0.1.5",
                  "bundled": true
                },
                "cookie-signature": {
                  "version": "1.0.6",
                  "bundled": true
                },
                "debug": {
                  "version": "2.2.0",
                  "bundled": true,
                  "dependencies": {
                    "ms": {
                      "version": "0.7.1",
                      "bundled": true
                    }
                  }
                },
                "depd": {
                  "version": "1.1.0",
                  "bundled": true
                },
                "escape-html": {
                  "version": "1.0.3",
                  "bundled": true
                },
                "etag": {
                  "version": "1.7.0",
                  "bundled": true
                },
                "finalhandler": {
                  "version": "0.4.1",
                  "bundled": true,
                  "dependencies": {
                    "unpipe": {
                      "version": "1.0.0",
                      "bundled": true
                    }
                  }
                },
                "fresh": {
                  "version": "0.3.0",
                  "bundled": true
                },
                "merge-descriptors": {
                  "version": "1.0.1",
                  "bundled": true
                },
                "methods": {
                  "version": "1.1.2",
                  "bundled": true
                },
                "on-finished": {
                  "version": "2.3.0",
                  "bundled": true,
                  "dependencies": {
                    "ee-first": {
                      "version": "1.1.1",
                      "bundled": true
                    }
                  }
                },
                "parseurl": {
                  "version": "1.3.1",
                  "bundled": true
                },
                "path-to-regexp": {
                  "version": "0.1.7",
                  "bundled": true
                },
                "proxy-addr": {
                  "version": "1.0.10",
                  "bundled": true,
                  "dependencies": {
                    "forwarded": {
                      "version": "0.1.0",
                      "bundled": true
                    },
                    "ipaddr.js": {
                      "version": "1.0.5",
                      "bundled": true
                    }
                  }
                },
                "qs": {
                  "version": "4.0.0",
                  "bundled": true
                },
                "range-parser": {
                  "version": "1.0.3",
                  "bundled": true
                },
                "send": {
                  "version": "0.13.1",
                  "bundled": true,
                  "dependencies": {
                    "destroy": {
                      "version": "1.0.4",
                      "bundled": true
                    },
                    "http-errors": {
                      "version": "1.3.1",
                      "bundled": true,
                      "dependencies": {
                        "inherits": {
                          "version": "2.0.1",
                          "bundled": true
                        }
                      }
                    },
                    "mime": {
                      "version": "1.3.4",
                      "bundled": true
                    },
                    "ms": {
                      "version": "0.7.1",
                      "bundled": true
                    },
                    "statuses": {
                      "version": "1.2.1",
                      "bundled": true
                    }
                  }
                },
                "serve-static": {
                  "version": "1.10.2",
                  "bundled": true
                },
                "type-is": {
                  "version": "1.6.12",
                  "bundled": true,
                  "dependencies": {
                    "media-typer": {
                      "version": "0.3.0",
                      "bundled": true
                    },
                    "mime-types": {
                      "version": "2.1.10",
                      "bundled": true,
                      "dependencies": {
                        "mime-db": {
                          "version": "1.22.0",
                          "bundled": true
                        }
                      }
                    }
                  }
                },
                "utils-merge": {
                  "version": "1.0.0",
                  "bundled": true
                },
                "vary": {
                  "version": "1.0.1",
                  "bundled": true
                }
              }
            }
          }
        },
        "nopt": {
          "version": "3.0.6",
          "bundled": true,
          "dependencies": {
            "abbrev": {
              "version": "1.0.7",
              "bundled": true
            }
          }
        },
        "q": {
          "version": "1.4.1",
          "bundled": true
        },
        "shelljs": {
          "version": "0.6.0",
          "bundled": true
        }
      }
    },
    "cordova-plugin-browsertab": {
      "version": "0.2.0",
      "resolved": "https://registry.npmjs.org/cordova-plugin-browsertab/-/cordova-plugin-browsertab-0.2.0.tgz",
      "integrity": "sha1-Hgf5hy4VRnpQ59FKc/79h0+u1ko="
    },
    "cordova-plugin-buildinfo": {
      "version": "1.1.0",
      "resolved": "https://registry.npmjs.org/cordova-plugin-buildinfo/-/cordova-plugin-buildinfo-1.1.0.tgz",
      "integrity": "sha1-yAYXBoATc/hATroFxT2KNFAOuZU="
    },
    "cordova-plugin-compat": {
      "version": "1.0.0",
      "resolved": "https://registry.npmjs.org/cordova-plugin-compat/-/cordova-plugin-compat-1.0.0.tgz",
      "integrity": "sha1-VLdz+mohL+jmCtSWustXqgHaQjI="
    },
    "cordova-plugin-crosswalk-webview": {
      "version": "2.3.0",
      "resolved": "https://registry.npmjs.org/cordova-plugin-crosswalk-webview/-/cordova-plugin-crosswalk-webview-2.3.0.tgz",
      "integrity": "sha1-4u407P2t3YS9qE5yZjU55AyZ0yQ="
    },
    "cordova-plugin-customurlscheme": {
      "version": "4.3.0",
      "resolved": "https://registry.npmjs.org/cordova-plugin-customurlscheme/-/cordova-plugin-customurlscheme-4.3.0.tgz",
      "integrity": "sha1-Avlod4tAk5kOsEB/P6GxRY1wX5Q="
    },
    "cordova-plugin-device": {
      "version": "1.1.6",
      "resolved": "https://registry.npmjs.org/cordova-plugin-device/-/cordova-plugin-device-1.1.6.tgz",
      "integrity": "sha1-LSF2TK18m4AVI+TgmjDgJLJJM0s="
    },
    "cordova-plugin-googleplus": {
      "version": "git+https://github.com/EddyVerbruggen/cordova-plugin-googleplus.git#ee152122c22c9f7e4da3b3fceb52e9405c2c4192"
    },
    "cordova-plugin-inappbrowser": {
      "version": "1.7.1",
      "resolved": "https://registry.npmjs.org/cordova-plugin-inappbrowser/-/cordova-plugin-inappbrowser-1.7.1.tgz",
      "integrity": "sha1-Q1tD9ZH+e/qV6pjb4ABIQf5ZulE="
    },
    "cordova-plugin-spinner": {
      "version": "1.1.0",
      "resolved": "https://registry.npmjs.org/cordova-plugin-spinner/-/cordova-plugin-spinner-1.1.0.tgz",
      "integrity": "sha1-uy/XiwIO/BgyKlEJsfOMcfKLMlQ="
    },
    "cordova-plugin-splashscreen": {
      "version": "4.0.3",
      "resolved": "https://registry.npmjs.org/cordova-plugin-splashscreen/-/cordova-plugin-splashscreen-4.0.3.tgz",
      "integrity": "sha1-dzzRNjwfO6y5kBZj6eN5PdPgoZ0="
    },
    "cordova-plugin-statusbar-transparent": {
      "version": "file:node_modules\\https:\\registry.npmjs.org\\cordova-plugin-statusbar-transparent\\-\\cordova-plugin-statusbar-transparent-1.0.0.tgz",
      "integrity": "sha1-3hrTs5u28lnorrJ+53l9f55aIh8="
    },
    "cordova-plugin-whitelist": {
      "version": "1.3.2",
      "resolved": "https://registry.npmjs.org/cordova-plugin-whitelist/-/cordova-plugin-whitelist-1.3.2.tgz",
      "integrity": "sha1-W2M1/rn1MB88ATuQlsuIhb29UHY="
    },
    "cordova-universal-links-plugin": {
      "version": "1.2.1",
      "resolved": "https://registry.npmjs.org/cordova-universal-links-plugin/-/cordova-universal-links-plugin-1.2.1.tgz",
      "integrity": "sha1-M70nhc3UdIc6Q7jDGVuTTlAA5Js="
    },
    "fs.realpath": {
      "version": "1.0.0",
      "resolved": "https://registry.npmjs.org/fs.realpath/-/fs.realpath-1.0.0.tgz",
      "integrity": "sha1-FQStJSMVjKpA20onh8sBQRmU6k8="
    },
    "glob": {
      "version": "7.1.2",
      "resolved": "https://registry.npmjs.org/glob/-/glob-7.1.2.tgz",
      "integrity": "sha512-MJTUg1kjuLeQCJ+ccE4Vpa6kKVXkPYJ2mOCQyUuKLcLQsdrMCpBPUi8qVE6+YuaJkozeA9NusTAw3hLr8Xe5EQ=="
    },
    "inflight": {
      "version": "1.0.6",
      "resolved": "https://registry.npmjs.org/inflight/-/inflight-1.0.6.tgz",
      "integrity": "sha1-Sb1jMdfQLQwJvJEKEHW6gWW1bfk="
    },
    "inherits": {
      "version": "2.0.3",
      "resolved": "https://registry.npmjs.org/inherits/-/inherits-2.0.3.tgz",
      "integrity": "sha1-Yzwsg+PaQqUC9SRmAiSA9CCCYd4="
    },
    "lodash": {
      "version": "4.17.4",
      "resolved": "https://registry.npmjs.org/lodash/-/lodash-4.17.4.tgz",
      "integrity": "sha1-eCA6TRwyiuHYbcpkYONptX9AVa4="
    },
    "minimatch": {
      "version": "3.0.4",
      "resolved": "https://registry.npmjs.org/minimatch/-/minimatch-3.0.4.tgz",
      "integrity": "sha512-yJHVQEhyqPLUTgt9B83PXu6W3rx4MvvHvSUvToogpwoGDOUQ+yDrR0HRot+yOCdCO7u4hX3pWft6kWBBcqh0UA=="
    },
    "mkpath": {
      "version": "1.0.0",
      "resolved": "https://registry.npmjs.org/mkpath/-/mkpath-1.0.0.tgz",
      "integrity": "sha1-67Opd+evHGg65v2hK1Raa6bFhT0="
    },
    "node-version-compare": {
      "version": "1.0.1",
      "resolved": "https://registry.npmjs.org/node-version-compare/-/node-version-compare-1.0.1.tgz",
      "integrity": "sha1-2Fv9IPCsreM1d/VmgscQnDTFUM0="
    },
    "once": {
      "version": "1.4.0",
      "resolved": "https://registry.npmjs.org/once/-/once-1.4.0.tgz",
      "integrity": "sha1-WDsap3WWHUsROsF9nFC6753Xa9E="
    },
    "path-is-absolute": {
      "version": "1.0.1",
      "resolved": "https://registry.npmjs.org/path-is-absolute/-/path-is-absolute-1.0.1.tgz",
      "integrity": "sha1-F0uSaHNVNP+8es5r9TpanhtcX18="
    },
    "plist": {
      "version": "2.1.0",
      "resolved": "https://registry.npmjs.org/plist/-/plist-2.1.0.tgz",
      "integrity": "sha1-V8zbeggh3yGDEhejytVOPhRqECU="
    },
    "rimraf": {
      "version": "2.6.1",
      "resolved": "https://registry.npmjs.org/rimraf/-/rimraf-2.6.1.tgz",
      "integrity": "sha1-wjOOxkPfeht/5cVPqG9XQopV8z0="
    },
    "sax": {
      "version": "1.2.4",
      "resolved": "https://registry.npmjs.org/sax/-/sax-1.2.4.tgz",
      "integrity": "sha512-NqVDv9TpANUjFm0N8uM5GxL36UgKi9/atZw+x7YFnQ8ckwFGKrl4xX4yWtrey3UJm5nP1kUbnYgLopqWNSRhWw=="
    },
    "wrappy": {
      "version": "1.0.2",
      "resolved": "https://registry.npmjs.org/wrappy/-/wrappy-1.0.2.tgz",
      "integrity": "sha1-tSQ9jz7BqjXxNkYFvA0QNuMKtp8="
    },
    "xml2js": {
      "version": "0.4.17",
      "resolved": "https://registry.npmjs.org/xml2js/-/xml2js-0.4.17.tgz",
      "integrity": "sha1-F76T6q4/O3eTWceVtBlwWogX6Gg=",
      "dependencies": {
        "xmlbuilder": {
          "version": "4.2.1",
          "resolved": "https://registry.npmjs.org/xmlbuilder/-/xmlbuilder-4.2.1.tgz",
          "integrity": "sha1-qlijBBoGb5DqoWwvU4n/GfP0YaU="
        }
      }
    },
    "xmlbuilder": {
      "version": "8.2.2",
      "resolved": "https://registry.npmjs.org/xmlbuilder/-/xmlbuilder-8.2.2.tgz",
      "integrity": "sha1-aSSGc0ELS6QuGmE2VR0pIjNap3M="
    },
    "xmldom": {
      "version": "0.1.27",
      "resolved": "https://registry.npmjs.org/xmldom/-/xmldom-0.1.27.tgz",
      "integrity": "sha1-1QH5ezvbQDr4757MIFcxh6rawOk="
    }
  }
}
