// !$*UTF8*$!
{
	archiveVersion = 1;
	classes = {
	};
	objectVersion = 46;
	objects = {
/* Begin PBXBuildFile section */
		0207DA581B56EA530066E2B4 /* Images.xcassets in Resources */ = {isa = PBXBuildFile; fileRef = 0207DA571B56EA530066E2B4 /* Images.xcassets */; };
		1D3623260D0F684500981E51 /* AppDelegate.m in Sources */ = {isa = PBXBuildFile; fileRef = 1D3623250D0F684500981E51 /* AppDelegate.m */; };
		1D60589B0D05DD56006BFB54 /* main.m in Sources */ = {isa = PBXBuildFile; fileRef = 29B97316FDCFA39411CA2CEA /* main.m */; };
		301BF552109A68D80062928A /* libCordova.a in Frameworks */ = {isa = PBXBuildFile; fileRef = 301BF535109A57CC0062928A /* libCordova.a */; };
		302D95F114D2391D003F00A1 /* MainViewController.m in Sources */ = {isa = PBXBuildFile; fileRef = 302D95EF14D2391D003F00A1 /* MainViewController.m */; };
		302D95F214D2391D003F00A1 /* MainViewController.xib in Resources */ = {isa = PBXBuildFile; fileRef = 302D95F014D2391D003F00A1 /* MainViewController.xib */; };
		3047A5121AB8059700498E2A /* build-debug.xcconfig in Resources */ = {isa = PBXBuildFile; fileRef = 3047A50F1AB8059700498E2A /* build-debug.xcconfig */; };
		3047A5131AB8059700498E2A /* build-release.xcconfig in Resources */ = {isa = PBXBuildFile; fileRef = 3047A5101AB8059700498E2A /* build-release.xcconfig */; };
		3047A5141AB8059700498E2A /* build.xcconfig in Resources */ = {isa = PBXBuildFile; fileRef = 3047A5111AB8059700498E2A /* build.xcconfig */; };
		6AFF5BF91D6E424B00AB3073 /* CDVLaunchScreen.storyboard in Resources */ = {isa = PBXBuildFile; fileRef = 6AFF5BF81D6E424B00AB3073 /* CDVLaunchScreen.storyboard */; };
		EE2BC3AD82474A7390137D54 /* CDVLogger.m in Sources */ = {isa = PBXBuildFile; fileRef = 22F0A727875F4BBD8C7664A1 /* CDVLogger.m */; };
		7973A1BEEAE14F29B0D119F8 /* CDVStatusBar.m in Sources */ = {isa = PBXBuildFile; fileRef = 5B3C13B1710046ED832086E9 /* CDVStatusBar.m */; };
		AD2572BB09DD4FF3AEDB06E6 /* CDVInAppBrowser.m in Sources */ = {isa = PBXBuildFile; fileRef = 25DE0FA176DF4A8EA8B46C19 /* CDVInAppBrowser.m */; };
		AE484ECFAA6446DEAA25C42D /* CULPlugin.m in Sources */ = {isa = PBXBuildFile; fileRef = 25374A02BD28411192E6B394 /* CULPlugin.m */; };
		C56E93B8CA16483B91ACBA19 /* AppDelegate+CULPlugin.m in Sources */ = {isa = PBXBuildFile; fileRef = B0DBC8C2FDB3425B9595761A /* AppDelegate+CULPlugin.m */; };
		0B4FB3EE0C30443498A3024B /* CDVPluginResult+CULPlugin.m in Sources */ = {isa = PBXBuildFile; fileRef = 57E23372FFB94D0AAC4AB133 /* CDVPluginResult+CULPlugin.m */; };
		5BFDFF2A012E4F44A1352D9A /* CDVInvokedUrlCommand+CULPlugin.m in Sources */ = {isa = PBXBuildFile; fileRef = 741B37D46AAC439B83040658 /* CDVInvokedUrlCommand+CULPlugin.m */; };
		B249C3ECAFD34FA6971C75A1 /* CULHost.m in Sources */ = {isa = PBXBuildFile; fileRef = 5C43BE1A45954427B422C88D /* CULHost.m */; };
		3C9724BB191947B080B6CD58 /* CULPath.m in Sources */ = {isa = PBXBuildFile; fileRef = 7A9053AC60074A979EBB613F /* CULPath.m */; };
		685A70595B084387987E4CEA /* CULXmlTags.m in Sources */ = {isa = PBXBuildFile; fileRef = 5EA77DBA74FE487DA88CD859 /* CULXmlTags.m */; };
		322221B78F63468D977C0119 /* CULConfigXmlParser.m in Sources */ = {isa = PBXBuildFile; fileRef = 5D647404BA82459FB36D6146 /* CULConfigXmlParser.m */; };
		710588F7A1524D8CB8C52997 /* NSBundle+CULPlugin.m in Sources */ = {isa = PBXBuildFile; fileRef = 274C968664D5436E81C25821 /* NSBundle+CULPlugin.m */; };
		31C2EFC967C841E69DD9FABC /* CBTBrowserTab.m in Sources */ = {isa = PBXBuildFile; fileRef = 7E503670968A47D7888CA5CF /* CBTBrowserTab.m */; };
		25AFE8429FA44080AA8B2AC2 /* SafariServices.framework in Frameworks */ = {isa = PBXBuildFile; fileRef = 2A4C2CD4F48B44C1B233B4ED /* SafariServices.framework */; settings = {ATTRIBUTES = (Weak, ); }; };
		27F7A319973A4213B1A1B957 /* CDVBuildInfo.m in Sources */ = {isa = PBXBuildFile; fileRef = A863BFB57C4647CE93288877 /* CDVBuildInfo.m */; };
		BF5BE7F030B74C1D966F4C28 /* GooglePlus.m in Sources */ = {isa = PBXBuildFile; fileRef = A6858930673E43569F465CB3 /* GooglePlus.m */; };
		DE98612A8B0D4C0DAF35673F /* GoogleAppUtilities.framework in Frameworks */ = {isa = PBXBuildFile; fileRef = 12017E5680B24A33B297A731 /* GoogleAppUtilities.framework */; };
		62062D36AD074ED2AE52704C /* GoogleAuthUtilities.framework in Frameworks */ = {isa = PBXBuildFile; fileRef = 4FDB6F9D130B4130B154A750 /* GoogleAuthUtilities.framework */; };
		D7980B5DF29D449B875AF923 /* GoogleNetworkingUtilities.framework in Frameworks */ = {isa = PBXBuildFile; fileRef = 6F5B2627D3434253B9FAF24E /* GoogleNetworkingUtilities.framework */; };
		B7E320B14FA646B6B844B242 /* GoogleSignIn.framework in Frameworks */ = {isa = PBXBuildFile; fileRef = 4ADB2E61A65347D58537AAAC /* GoogleSignIn.framework */; };
		BCD71B20B6874C4782186564 /* GoogleSymbolUtilities.framework in Frameworks */ = {isa = PBXBuildFile; fileRef = 5AC7D903B11C4085816876FD /* GoogleSymbolUtilities.framework */; };
		32F4DBE7D9F244DF9BCDB8ED /* GoogleUtilities.framework in Frameworks */ = {isa = PBXBuildFile; fileRef = 7264894804D24BADB013D65E /* GoogleUtilities.framework */; };
		632D0DD4D0BF410FB4AF26A2 /* AddressBook.framework in Frameworks */ = {isa = PBXBuildFile; fileRef = E1A37957BC1A46449FA5EE0E /* AddressBook.framework */; settings = {ATTRIBUTES = (Weak, ); }; };
		47AA29E51EE8455AB5766F67 /* CoreText.framework in Frameworks */ = {isa = PBXBuildFile; fileRef = CD2B6C24C29A4D558F80E441 /* CoreText.framework */; settings = {ATTRIBUTES = (Weak, ); }; };
		066F48BBA0C043D3ADAF5BBD /* Security.framework in Frameworks */ = {isa = PBXBuildFile; fileRef = 89D24213BC5E4FAC89DCC968 /* Security.framework */; settings = {ATTRIBUTES = (Weak, ); }; };
		5D5B7B99E1F64AFEAF45C80D /* SystemConfiguration.framework in Frameworks */ = {isa = PBXBuildFile; fileRef = DE8B572AACAD443991F3F6D6 /* SystemConfiguration.framework */; settings = {ATTRIBUTES = (Weak, ); }; };
		63C1CAE81E424F6D81404B05 /* libz.tbd in Frameworks */ = {isa = PBXBuildFile; fileRef = DF304D2AB551427CB05729A1 /* libz.tbd */; settings = {ATTRIBUTES = (Weak, ); }; };
		7EDAC4B419A94D908BD53F49 /* libz.dylib in Frameworks */ = {isa = PBXBuildFile; fileRef = B2895DC97FE24EBD8AC056A1 /* libz.dylib */; settings = {ATTRIBUTES = (Weak, ); }; };
		9255D549399B43F98EEC4314 /* WhatToWatch_PG7.entitlements in Resources */ = {isa = PBXBuildFile; fileRef = F2ACFD1FBB324EE4B286CA1B /* WhatToWatch_PG7.entitlements */; };
		3E16D526CFF8458D9CDA2AA3 /* CDVDevice.m in Sources */ = {isa = PBXBuildFile; fileRef = F5C9C944B7EE490FAF234AB9 /* CDVDevice.m */; };
		2AAC52F441C9415E9DA4BA05 /* CDVSplashScreen.m in Sources */ = {isa = PBXBuildFile; fileRef = EFDB19D84AA144C2B82B7563 /* CDVSplashScreen.m */; };
		08D71B7F26B342A786DC4D9A /* CDVViewController+SplashScreen.m in Sources */ = {isa = PBXBuildFile; fileRef = B290CDD518924CD08E9666C0 /* CDVViewController+SplashScreen.m */; };
		BB40E36F659543D89141F4D5 /* SpinnerPlugin.m in Sources */ = {isa = PBXBuildFile; fileRef = 6E367AA22FEB44A3923A3D2D /* SpinnerPlugin.m */; };
		C91929D869C944509A7D3F19 /* MBProgressHUD.m in Sources */ = {isa = PBXBuildFile; fileRef = 1E625BC793F247FBA2CD4D26 /* MBProgressHUD.m */; };
/* End PBXBuildFile section */

/* Begin PBXContainerItemProxy section */
		301BF534109A57CC0062928A /* PBXContainerItemProxy */ = {
			isa = PBXContainerItemProxy;
			containerPortal = 301BF52D109A57CC0062928A /* CordovaLib.xcodeproj */;
			proxyType = 2;
			remoteGlobalIDString = D2AAC07E0554694100DB518D;
			remoteInfo = CordovaLib;
		};
		301BF550109A68C00062928A /* PBXContainerItemProxy */ = {
			isa = PBXContainerItemProxy;
			containerPortal = 301BF52D109A57CC0062928A /* CordovaLib.xcodeproj */;
			proxyType = 1;
			remoteGlobalIDString = D2AAC07D0554694100DB518D;
			remoteInfo = CordovaLib;
		};
/* End PBXContainerItemProxy section */

/* Begin PBXFileReference section */
		0207DA571B56EA530066E2B4 /* Images.xcassets */ = {isa = PBXFileReference; lastKnownFileType = folder.assetcatalog; name = Images.xcassets; path = "WhatToWatch_PG7/Images.xcassets"; sourceTree = SOURCE_ROOT; };
		1D3623240D0F684500981E51 /* AppDelegate.h */ = {isa = PBXFileReference; fileEncoding = 4; lastKnownFileType = sourcecode.c.h; path = AppDelegate.h; sourceTree = "<group>"; };
		1D3623250D0F684500981E51 /* AppDelegate.m */ = {isa = PBXFileReference; fileEncoding = 4; lastKnownFileType = sourcecode.c.objc; path = AppDelegate.m; sourceTree = "<group>"; };
		1D6058910D05DD3D006BFB54 /* WhatToWatch_PG7.app */ = {isa = PBXFileReference; explicitFileType = wrapper.application; includeInIndex = 0; path = "WhatToWatch_PG7.app"; sourceTree = BUILT_PRODUCTS_DIR; };
		29B97316FDCFA39411CA2CEA /* main.m */ = {isa = PBXFileReference; fileEncoding = 4; lastKnownFileType = sourcecode.c.objc; path = main.m; sourceTree = "<group>"; };
		301BF52D109A57CC0062928A /* CordovaLib.xcodeproj */ = {isa = PBXFileReference; lastKnownFileType = "wrapper.pb-project"; name = CordovaLib.xcodeproj; path = CordovaLib/CordovaLib.xcodeproj; sourceTree = "<group>"; };
		301BF56E109A69640062928A /* www */ = {isa = PBXFileReference; lastKnownFileType = folder; path = www; sourceTree = SOURCE_ROOT; };
		302D95EE14D2391D003F00A1 /* MainViewController.h */ = {isa = PBXFileReference; fileEncoding = 4; lastKnownFileType = sourcecode.c.h; path = MainViewController.h; sourceTree = "<group>"; };
		302D95EF14D2391D003F00A1 /* MainViewController.m */ = {isa = PBXFileReference; fileEncoding = 4; lastKnownFileType = sourcecode.c.objc; path = MainViewController.m; sourceTree = "<group>"; };
		302D95F014D2391D003F00A1 /* MainViewController.xib */ = {isa = PBXFileReference; fileEncoding = 4; lastKnownFileType = file.xib; path = MainViewController.xib; sourceTree = "<group>"; };
		3047A50F1AB8059700498E2A /* build-debug.xcconfig */ = {isa = PBXFileReference; fileEncoding = 4; lastKnownFileType = text.xcconfig; name = "build-debug.xcconfig"; path = cordova/build-debug.xcconfig; sourceTree = SOURCE_ROOT; };
		3047A5101AB8059700498E2A /* build-release.xcconfig */ = {isa = PBXFileReference; fileEncoding = 4; lastKnownFileType = text.xcconfig; name = "build-release.xcconfig"; path = cordova/build-release.xcconfig; sourceTree = SOURCE_ROOT; };
		3047A5111AB8059700498E2A /* build.xcconfig */ = {isa = PBXFileReference; fileEncoding = 4; lastKnownFileType = text.xcconfig; name = build.xcconfig; path = cordova/build.xcconfig; sourceTree = SOURCE_ROOT; };
		32CA4F630368D1EE00C91783 /* WhatToWatch_PG7-Prefix.pch */ = {isa = PBXFileReference; fileEncoding = 4; lastKnownFileType = sourcecode.c.h; path = "WhatToWatch_PG7-Prefix.pch"; sourceTree = "<group>"; };
		6AFF5BF81D6E424B00AB3073 /* CDVLaunchScreen.storyboard */ = {isa = PBXFileReference; fileEncoding = 4; lastKnownFileType = file.storyboard; name = CDVLaunchScreen.storyboard; path = "WhatToWatch_PG7/CDVLaunchScreen.storyboard"; sourceTree = SOURCE_ROOT; };
		8D1107310486CEB800E47090 /* WhatToWatch_PG7-Info.plist */ = {isa = PBXFileReference; fileEncoding = 4; lastKnownFileType = text.plist.xml; name = "WhatToWatch_PG7-Info.plist"; path = "WhatToWatch_PG7/WhatToWatch_PG7-Info.plist"; plistStructureDefinitionIdentifier = "com.apple.xcode.plist.structure-definition.iphone.info-plist"; sourceTree = SOURCE_ROOT; };
		EB87FDF31871DA8E0020F90C /* www */ = {isa = PBXFileReference; lastKnownFileType = folder; name = www; path = ../../www; sourceTree = "<group>"; };
		EB87FDF41871DAF40020F90C /* config.xml */ = {isa = PBXFileReference; lastKnownFileType = text.xml; name = config.xml; path = ../../config.xml; sourceTree = "<group>"; };
		F840E1F0165FE0F500CFE078 /* config.xml */ = {isa = PBXFileReference; lastKnownFileType = text.xml; name = config.xml; path = "WhatToWatch_PG7/config.xml"; sourceTree = "<group>"; };
		ED33DF2A687741AEAF9F8254 /* Bridging-Header.h */ = {isa = PBXFileReference; fileEncoding = 4; lastKnownFileType = sourcecode.c.h; name = "Bridging-Header.h"; path = "Bridging-Header.h"; sourceTree = "<group>"; };
		22F0A727875F4BBD8C7664A1 /* CDVLogger.m */ = {isa = PBXFileReference; name = "CDVLogger.m"; path = "cordova-plugin-console/CDVLogger.m"; sourceTree = "<group>"; fileEncoding = 4; lastKnownFileType = sourcecode.c.objc; explicitFileType = undefined; includeInIndex = 0; };
		8F92F58CD7A24172A08963EB /* CDVLogger.h */ = {isa = PBXFileReference; name = "CDVLogger.h"; path = "cordova-plugin-console/CDVLogger.h"; sourceTree = "<group>"; fileEncoding = 4; lastKnownFileType = sourcecode.c.h; explicitFileType = undefined; includeInIndex = 0; };
		5B3C13B1710046ED832086E9 /* CDVStatusBar.m */ = {isa = PBXFileReference; name = "CDVStatusBar.m"; path = "cordova-plugin-statusbar/CDVStatusBar.m"; sourceTree = "<group>"; fileEncoding = 4; lastKnownFileType = sourcecode.c.objc; explicitFileType = undefined; includeInIndex = 0; };
		6461936C9FDD4F609FEEA844 /* CDVStatusBar.h */ = {isa = PBXFileReference; name = "CDVStatusBar.h"; path = "cordova-plugin-statusbar/CDVStatusBar.h"; sourceTree = "<group>"; fileEncoding = 4; lastKnownFileType = sourcecode.c.h; explicitFileType = undefined; includeInIndex = 0; };
		25DE0FA176DF4A8EA8B46C19 /* CDVInAppBrowser.m */ = {isa = PBXFileReference; name = "CDVInAppBrowser.m"; path = "cordova-plugin-inappbrowser/CDVInAppBrowser.m"; sourceTree = "<group>"; fileEncoding = 4; lastKnownFileType = sourcecode.c.objc; explicitFileType = undefined; includeInIndex = 0; };
		CFB14AAF28E244748229BE8F /* CDVInAppBrowser.h */ = {isa = PBXFileReference; name = "CDVInAppBrowser.h"; path = "cordova-plugin-inappbrowser/CDVInAppBrowser.h"; sourceTree = "<group>"; fileEncoding = 4; lastKnownFileType = sourcecode.c.h; explicitFileType = undefined; includeInIndex = 0; };
		25374A02BD28411192E6B394 /* CULPlugin.m */ = {isa = PBXFileReference; name = "CULPlugin.m"; path = "cordova-universal-links-plugin/CULPlugin.m"; sourceTree = "<group>"; fileEncoding = 4; lastKnownFileType = sourcecode.c.objc; explicitFileType = undefined; includeInIndex = 0; };
		B0DBC8C2FDB3425B9595761A /* AppDelegate+CULPlugin.m */ = {isa = PBXFileReference; name = "AppDelegate+CULPlugin.m"; path = "cordova-universal-links-plugin/AppDelegate+CULPlugin.m"; sourceTree = "<group>"; fileEncoding = 4; lastKnownFileType = sourcecode.c.objc; explicitFileType = undefined; includeInIndex = 0; };
		57E23372FFB94D0AAC4AB133 /* CDVPluginResult+CULPlugin.m */ = {isa = PBXFileReference; name = "CDVPluginResult+CULPlugin.m"; path = "cordova-universal-links-plugin/JS/CDVPluginResult+CULPlugin.m"; sourceTree = "<group>"; fileEncoding = 4; lastKnownFileType = sourcecode.c.objc; explicitFileType = undefined; includeInIndex = 0; };
		741B37D46AAC439B83040658 /* CDVInvokedUrlCommand+CULPlugin.m */ = {isa = PBXFileReference; name = "CDVInvokedUrlCommand+CULPlugin.m"; path = "cordova-universal-links-plugin/JS/CDVInvokedUrlCommand+CULPlugin.m"; sourceTree = "<group>"; fileEncoding = 4; lastKnownFileType = sourcecode.c.objc; explicitFileType = undefined; includeInIndex = 0; };
		5C43BE1A45954427B422C88D /* CULHost.m */ = {isa = PBXFileReference; name = "CULHost.m"; path = "cordova-universal-links-plugin/Model/CULHost.m"; sourceTree = "<group>"; fileEncoding = 4; lastKnownFileType = sourcecode.c.objc; explicitFileType = undefined; includeInIndex = 0; };
		7A9053AC60074A979EBB613F /* CULPath.m */ = {isa = PBXFileReference; name = "CULPath.m"; path = "cordova-universal-links-plugin/Model/CULPath.m"; sourceTree = "<group>"; fileEncoding = 4; lastKnownFileType = sourcecode.c.objc; explicitFileType = undefined; includeInIndex = 0; };
		5EA77DBA74FE487DA88CD859 /* CULXmlTags.m */ = {isa = PBXFileReference; name = "CULXmlTags.m"; path = "cordova-universal-links-plugin/Parser/CULXmlTags.m"; sourceTree = "<group>"; fileEncoding = 4; lastKnownFileType = sourcecode.c.objc; explicitFileType = undefined; includeInIndex = 0; };
		5D647404BA82459FB36D6146 /* CULConfigXmlParser.m */ = {isa = PBXFileReference; name = "CULConfigXmlParser.m"; path = "cordova-universal-links-plugin/Parser/CULConfigXmlParser.m"; sourceTree = "<group>"; fileEncoding = 4; lastKnownFileType = sourcecode.c.objc; explicitFileType = undefined; includeInIndex = 0; };
		274C968664D5436E81C25821 /* NSBundle+CULPlugin.m */ = {isa = PBXFileReference; name = "NSBundle+CULPlugin.m"; path = "cordova-universal-links-plugin/Utils/NSBundle+CULPlugin.m"; sourceTree = "<group>"; fileEncoding = 4; lastKnownFileType = sourcecode.c.objc; explicitFileType = undefined; includeInIndex = 0; };
		0D5381F6443143208033495C /* CULPlugin.h */ = {isa = PBXFileReference; name = "CULPlugin.h"; path = "cordova-universal-links-plugin/CULPlugin.h"; sourceTree = "<group>"; fileEncoding = 4; lastKnownFileType = sourcecode.c.h; explicitFileType = undefined; includeInIndex = 0; };
		253C1176BB2F45019E36EC0B /* AppDelegate+CULPlugin.h */ = {isa = PBXFileReference; name = "AppDelegate+CULPlugin.h"; path = "cordova-universal-links-plugin/AppDelegate+CULPlugin.h"; sourceTree = "<group>"; fileEncoding = 4; lastKnownFileType = sourcecode.c.h; explicitFileType = undefined; includeInIndex = 0; };
		95B0A26207FE4D38ADFE1388 /* CDVPluginResult+CULPlugin.h */ = {isa = PBXFileReference; name = "CDVPluginResult+CULPlugin.h"; path = "cordova-universal-links-plugin/JS/CDVPluginResult+CULPlugin.h"; sourceTree = "<group>"; fileEncoding = 4; lastKnownFileType = sourcecode.c.h; explicitFileType = undefined; includeInIndex = 0; };
		F7EEE7A7FFB74E6491CD3D06 /* CDVInvokedUrlCommand+CULPlugin.h */ = {isa = PBXFileReference; name = "CDVInvokedUrlCommand+CULPlugin.h"; path = "cordova-universal-links-plugin/JS/CDVInvokedUrlCommand+CULPlugin.h"; sourceTree = "<group>"; fileEncoding = 4; lastKnownFileType = sourcecode.c.h; explicitFileType = undefined; includeInIndex = 0; };
		11311747504C4484A6BC3898 /* CULHost.h */ = {isa = PBXFileReference; name = "CULHost.h"; path = "cordova-universal-links-plugin/Model/CULHost.h"; sourceTree = "<group>"; fileEncoding = 4; lastKnownFileType = sourcecode.c.h; explicitFileType = undefined; includeInIndex = 0; };
		5778D040AEBF4BDBB4E1060C /* CULPath.h */ = {isa = PBXFileReference; name = "CULPath.h"; path = "cordova-universal-links-plugin/Model/CULPath.h"; sourceTree = "<group>"; fileEncoding = 4; lastKnownFileType = sourcecode.c.h; explicitFileType = undefined; includeInIndex = 0; };
		80392D8310D3498F8E79CB4E /* CULXmlTags.h */ = {isa = PBXFileReference; name = "CULXmlTags.h"; path = "cordova-universal-links-plugin/Parser/CULXmlTags.h"; sourceTree = "<group>"; fileEncoding = 4; lastKnownFileType = sourcecode.c.h; explicitFileType = undefined; includeInIndex = 0; };
		8A5E7182BD3549CAAD3AD781 /* CULConfigXmlParser.h */ = {isa = PBXFileReference; name = "CULConfigXmlParser.h"; path = "cordova-universal-links-plugin/Parser/CULConfigXmlParser.h"; sourceTree = "<group>"; fileEncoding = 4; lastKnownFileType = sourcecode.c.h; explicitFileType = undefined; includeInIndex = 0; };
		37AF9F1FC75D4442B903AF62 /* NSBundle+CULPlugin.h */ = {isa = PBXFileReference; name = "NSBundle+CULPlugin.h"; path = "cordova-universal-links-plugin/Utils/NSBundle+CULPlugin.h"; sourceTree = "<group>"; fileEncoding = 4; lastKnownFileType = sourcecode.c.h; explicitFileType = undefined; includeInIndex = 0; };
		7E503670968A47D7888CA5CF /* CBTBrowserTab.m */ = {isa = PBXFileReference; name = "CBTBrowserTab.m"; path = "cordova-plugin-browsertab/CBTBrowserTab.m"; sourceTree = "<group>"; fileEncoding = 4; lastKnownFileType = sourcecode.c.objc; explicitFileType = undefined; includeInIndex = 0; };
		C25F2A685B2747C5A58CC820 /* CBTBrowserTab.h */ = {isa = PBXFileReference; name = "CBTBrowserTab.h"; path = "cordova-plugin-browsertab/CBTBrowserTab.h"; sourceTree = "<group>"; fileEncoding = 4; lastKnownFileType = sourcecode.c.h; explicitFileType = undefined; includeInIndex = 0; };
		2A4C2CD4F48B44C1B233B4ED /* SafariServices.framework */ = {isa = PBXFileReference; name = "SafariServices.framework"; path = "System/Library/Frameworks/SafariServices.framework"; sourceTree = SDKROOT; fileEncoding = undefined; lastKnownFileType = wrapper.framework; explicitFileType = undefined; includeInIndex = 0; };
		A863BFB57C4647CE93288877 /* CDVBuildInfo.m */ = {isa = PBXFileReference; name = "CDVBuildInfo.m"; path = "cordova-plugin-buildinfo/CDVBuildInfo.m"; sourceTree = "<group>"; fileEncoding = 4; lastKnownFileType = sourcecode.c.objc; explicitFileType = undefined; includeInIndex = 0; };
		F854AFF52BDF496788CE1FFF /* CDVBuildInfo.h */ = {isa = PBXFileReference; name = "CDVBuildInfo.h"; path = "cordova-plugin-buildinfo/CDVBuildInfo.h"; sourceTree = "<group>"; fileEncoding = 4; lastKnownFileType = sourcecode.c.h; explicitFileType = undefined; includeInIndex = 0; };
		A6858930673E43569F465CB3 /* GooglePlus.m */ = {isa = PBXFileReference; name = "GooglePlus.m"; path = "cordova-plugin-googleplus/GooglePlus.m"; sourceTree = "<group>"; fileEncoding = 4; lastKnownFileType = sourcecode.c.objc; explicitFileType = undefined; includeInIndex = 0; };
		20889B938BC04B96AD18F213 /* GooglePlus.h */ = {isa = PBXFileReference; name = "GooglePlus.h"; path = "cordova-plugin-googleplus/GooglePlus.h"; sourceTree = "<group>"; fileEncoding = 4; lastKnownFileType = sourcecode.c.h; explicitFileType = undefined; includeInIndex = 0; };
		12017E5680B24A33B297A731 /* GoogleAppUtilities.framework */ = {isa = PBXFileReference; name = "GoogleAppUtilities.framework"; path = "WhatToWatch_PG7/Plugins/cordova-plugin-googleplus/GoogleAppUtilities.framework"; sourceTree = "<group>"; fileEncoding = undefined; lastKnownFileType = wrapper.framework; explicitFileType = undefined; includeInIndex = 0; };
		4FDB6F9D130B4130B154A750 /* GoogleAuthUtilities.framework */ = {isa = PBXFileReference; name = "GoogleAuthUtilities.framework"; path = "WhatToWatch_PG7/Plugins/cordova-plugin-googleplus/GoogleAuthUtilities.framework"; sourceTree = "<group>"; fileEncoding = undefined; lastKnownFileType = wrapper.framework; explicitFileType = undefined; includeInIndex = 0; };
		6F5B2627D3434253B9FAF24E /* GoogleNetworkingUtilities.framework */ = {isa = PBXFileReference; name = "GoogleNetworkingUtilities.framework"; path = "WhatToWatch_PG7/Plugins/cordova-plugin-googleplus/GoogleNetworkingUtilities.framework"; sourceTree = "<group>"; fileEncoding = undefined; lastKnownFileType = wrapper.framework; explicitFileType = undefined; includeInIndex = 0; };
		4ADB2E61A65347D58537AAAC /* GoogleSignIn.framework */ = {isa = PBXFileReference; name = "GoogleSignIn.framework"; path = "WhatToWatch_PG7/Plugins/cordova-plugin-googleplus/GoogleSignIn.framework"; sourceTree = "<group>"; fileEncoding = undefined; lastKnownFileType = wrapper.framework; explicitFileType = undefined; includeInIndex = 0; };
		5AC7D903B11C4085816876FD /* GoogleSymbolUtilities.framework */ = {isa = PBXFileReference; name = "GoogleSymbolUtilities.framework"; path = "WhatToWatch_PG7/Plugins/cordova-plugin-googleplus/GoogleSymbolUtilities.framework"; sourceTree = "<group>"; fileEncoding = undefined; lastKnownFileType = wrapper.framework; explicitFileType = undefined; includeInIndex = 0; };
		7264894804D24BADB013D65E /* GoogleUtilities.framework */ = {isa = PBXFileReference; name = "GoogleUtilities.framework"; path = "WhatToWatch_PG7/Plugins/cordova-plugin-googleplus/GoogleUtilities.framework"; sourceTree = "<group>"; fileEncoding = undefined; lastKnownFileType = wrapper.framework; explicitFileType = undefined; includeInIndex = 0; };
		E1A37957BC1A46449FA5EE0E /* AddressBook.framework */ = {isa = PBXFileReference; name = "AddressBook.framework"; path = "System/Library/Frameworks/AddressBook.framework"; sourceTree = SDKROOT; fileEncoding = undefined; lastKnownFileType = wrapper.framework; explicitFileType = undefined; includeInIndex = 0; };
		CD2B6C24C29A4D558F80E441 /* CoreText.framework */ = {isa = PBXFileReference; name = "CoreText.framework"; path = "System/Library/Frameworks/CoreText.framework"; sourceTree = SDKROOT; fileEncoding = undefined; lastKnownFileType = wrapper.framework; explicitFileType = undefined; includeInIndex = 0; };
		89D24213BC5E4FAC89DCC968 /* Security.framework */ = {isa = PBXFileReference; name = "Security.framework"; path = "System/Library/Frameworks/Security.framework"; sourceTree = SDKROOT; fileEncoding = undefined; lastKnownFileType = wrapper.framework; explicitFileType = undefined; includeInIndex = 0; };
		DE8B572AACAD443991F3F6D6 /* SystemConfiguration.framework */ = {isa = PBXFileReference; name = "SystemConfiguration.framework"; path = "System/Library/Frameworks/SystemConfiguration.framework"; sourceTree = SDKROOT; fileEncoding = undefined; lastKnownFileType = wrapper.framework; explicitFileType = undefined; includeInIndex = 0; };
		DF304D2AB551427CB05729A1 /* libz.tbd */ = {isa = PBXFileReference; name = "libz.tbd"; path = "usr/lib/libz.tbd"; sourceTree = SDKROOT; fileEncoding = undefined; lastKnownFileType = sourcecode.text-based-dylib-definition; explicitFileType = undefined; includeInIndex = 0; };
		B2895DC97FE24EBD8AC056A1 /* libz.dylib */ = {isa = PBXFileReference; name = "libz.dylib"; path = "usr/lib/libz.dylib"; sourceTree = SDKROOT; fileEncoding = undefined; lastKnownFileType = compiled.mach-o.dylib; explicitFileType = undefined; includeInIndex = 0; };
		F2ACFD1FBB324EE4B286CA1B /* WhatToWatch_PG7.entitlements */ = {isa = PBXFileReference; lastKnownFileType = unknown; name = "WhatToWatch_PG7.entitlements"; path = "WhatToWatch_PG7.entitlements"; sourceTree = "<group>"; fileEncoding = 4; };
		F5C9C944B7EE490FAF234AB9 /* CDVDevice.m */ = {isa = PBXFileReference; name = "CDVDevice.m"; path = "cordova-plugin-device/CDVDevice.m"; sourceTree = "<group>"; fileEncoding = 4; lastKnownFileType = sourcecode.c.objc; explicitFileType = undefined; includeInIndex = 0; };
		3A890C31164E4829B19BB4C8 /* CDVDevice.h */ = {isa = PBXFileReference; name = "CDVDevice.h"; path = "cordova-plugin-device/CDVDevice.h"; sourceTree = "<group>"; fileEncoding = 4; lastKnownFileType = sourcecode.c.h; explicitFileType = undefined; includeInIndex = 0; };
		EFDB19D84AA144C2B82B7563 /* CDVSplashScreen.m */ = {isa = PBXFileReference; name = "CDVSplashScreen.m"; path = "cordova-plugin-splashscreen/CDVSplashScreen.m"; sourceTree = "<group>"; fileEncoding = 4; lastKnownFileType = sourcecode.c.objc; explicitFileType = undefined; includeInIndex = 0; };
		B290CDD518924CD08E9666C0 /* CDVViewController+SplashScreen.m */ = {isa = PBXFileReference; name = "CDVViewController+SplashScreen.m"; path = "cordova-plugin-splashscreen/CDVViewController+SplashScreen.m"; sourceTree = "<group>"; fileEncoding = 4; lastKnownFileType = sourcecode.c.objc; explicitFileType = undefined; includeInIndex = 0; };
		0EE4A7FDC9274322BBC7EA36 /* CDVSplashScreen.h */ = {isa = PBXFileReference; name = "CDVSplashScreen.h"; path = "cordova-plugin-splashscreen/CDVSplashScreen.h"; sourceTree = "<group>"; fileEncoding = 4; lastKnownFileType = sourcecode.c.h; explicitFileType = undefined; includeInIndex = 0; };
		1E960F3FC3D8441A811282C1 /* CDVViewController+SplashScreen.h */ = {isa = PBXFileReference; name = "CDVViewController+SplashScreen.h"; path = "cordova-plugin-splashscreen/CDVViewController+SplashScreen.h"; sourceTree = "<group>"; fileEncoding = 4; lastKnownFileType = sourcecode.c.h; explicitFileType = undefined; includeInIndex = 0; };
		6E367AA22FEB44A3923A3D2D /* SpinnerPlugin.m */ = {isa = PBXFileReference; name = "SpinnerPlugin.m"; path = "cordova-plugin-spinner/SpinnerPlugin.m"; sourceTree = "<group>"; fileEncoding = 4; lastKnownFileType = sourcecode.c.objc; explicitFileType = undefined; includeInIndex = 0; };
		1E625BC793F247FBA2CD4D26 /* MBProgressHUD.m */ = {isa = PBXFileReference; name = "MBProgressHUD.m"; path = "cordova-plugin-spinner/MBProgressHUD.m"; sourceTree = "<group>"; fileEncoding = 4; lastKnownFileType = sourcecode.c.objc; explicitFileType = undefined; includeInIndex = 0; };
		A72F999561B94A7D8BFA0A5A /* SpinnerPlugin.h */ = {isa = PBXFileReference; name = "SpinnerPlugin.h"; path = "cordova-plugin-spinner/SpinnerPlugin.h"; sourceTree = "<group>"; fileEncoding = 4; lastKnownFileType = sourcecode.c.h; explicitFileType = undefined; includeInIndex = 0; };
		C0F06DCA57FD46A8A1A54B69 /* MBProgressHUD.h */ = {isa = PBXFileReference; name = "MBProgressHUD.h"; path = "cordova-plugin-spinner/MBProgressHUD.h"; sourceTree = "<group>"; fileEncoding = 4; lastKnownFileType = sourcecode.c.h; explicitFileType = undefined; includeInIndex = 0; };
/* End PBXFileReference section */

/* Begin PBXFrameworksBuildPhase section */
		1D60588F0D05DD3D006BFB54 /* Frameworks */ = {
			isa = PBXFrameworksBuildPhase;
			buildActionMask = 2147483647;
			files = (
				301BF552109A68D80062928A /* libCordova.a in Frameworks */,
				25AFE8429FA44080AA8B2AC2 /* SafariServices.framework in Frameworks */,
				DE98612A8B0D4C0DAF35673F /* GoogleAppUtilities.framework in Frameworks */,
				62062D36AD074ED2AE52704C /* GoogleAuthUtilities.framework in Frameworks */,
				D7980B5DF29D449B875AF923 /* GoogleNetworkingUtilities.framework in Frameworks */,
				B7E320B14FA646B6B844B242 /* GoogleSignIn.framework in Frameworks */,
				BCD71B20B6874C4782186564 /* GoogleSymbolUtilities.framework in Frameworks */,
				32F4DBE7D9F244DF9BCDB8ED /* GoogleUtilities.framework in Frameworks */,
				632D0DD4D0BF410FB4AF26A2 /* AddressBook.framework in Frameworks */,
				47AA29E51EE8455AB5766F67 /* CoreText.framework in Frameworks */,
				066F48BBA0C043D3ADAF5BBD /* Security.framework in Frameworks */,
				5D5B7B99E1F64AFEAF45C80D /* SystemConfiguration.framework in Frameworks */,
				63C1CAE81E424F6D81404B05 /* libz.tbd in Frameworks */,
				7EDAC4B419A94D908BD53F49 /* libz.dylib in Frameworks */,
			);
			runOnlyForDeploymentPostprocessing = 0;
		};
/* End PBXFrameworksBuildPhase section */

/* Begin PBXGroup section */
		080E96DDFE201D6D7F000001 /* Classes */ = {
			isa = PBXGroup;
			children = (
				302D95EE14D2391D003F00A1 /* MainViewController.h */,
				302D95EF14D2391D003F00A1 /* MainViewController.m */,
				302D95F014D2391D003F00A1 /* MainViewController.xib */,
				1D3623240D0F684500981E51 /* AppDelegate.h */,
				1D3623250D0F684500981E51 /* AppDelegate.m */,
			);
			name = Classes;
			path = "WhatToWatch_PG7/Classes";
			sourceTree = SOURCE_ROOT;
		};
		19C28FACFE9D520D11CA2CBB /* Products */ = {
			isa = PBXGroup;
			children = (
				1D6058910D05DD3D006BFB54 /* WhatToWatch_PG7.app */,
			);
			name = Products;
			sourceTree = "<group>";
		};
		29B97314FDCFA39411CA2CEA /* CustomTemplate */ = {
			isa = PBXGroup;
			children = (
				EB87FDF41871DAF40020F90C /* config.xml */,
				EB87FDF31871DA8E0020F90C /* www */,
				EB87FDF11871DA420020F90C /* Staging */,
				301BF52D109A57CC0062928A /* CordovaLib.xcodeproj */,
				080E96DDFE201D6D7F000001 /* Classes */,
				307C750510C5A3420062BCA9 /* Plugins */,
				29B97315FDCFA39411CA2CEA /* Other Sources */,
				29B97317FDCFA39411CA2CEA /* Resources */,
				29B97323FDCFA39411CA2CEA /* Frameworks */,
				19C28FACFE9D520D11CA2CBB /* Products */,
			);
			name = CustomTemplate;
			sourceTree = "<group>";
		};
		29B97315FDCFA39411CA2CEA /* Other Sources */ = {
			isa = PBXGroup;
			children = (
				32CA4F630368D1EE00C91783 /* WhatToWatch_PG7-Prefix.pch */,
				29B97316FDCFA39411CA2CEA /* main.m */,
				ED33DF2A687741AEAF9F8254 /* Bridging-Header.h */,
			);
			name = "Other Sources";
			path = "WhatToWatch_PG7";
			sourceTree = "<group>";
		};
		29B97317FDCFA39411CA2CEA /* Resources */ = {
			isa = PBXGroup;
			children = (
				0207DA571B56EA530066E2B4 /* Images.xcassets */,
				3047A50E1AB8057F00498E2A /* config */,
				8D1107310486CEB800E47090 /* WhatToWatch_PG7-Info.plist */,
				6AFF5BF81D6E424B00AB3073 /* CDVLaunchScreen.storyboard */,
				F2ACFD1FBB324EE4B286CA1B /* WhatToWatch_PG7.entitlements */,
			);
			name = Resources;
			path = "WhatToWatch_PG7/Resources";
			sourceTree = "<group>";
		};
		29B97323FDCFA39411CA2CEA /* Frameworks */ = {
			isa = PBXGroup;
			children = (
				2A4C2CD4F48B44C1B233B4ED /* SafariServices.framework */,
				12017E5680B24A33B297A731 /* GoogleAppUtilities.framework */,
				4FDB6F9D130B4130B154A750 /* GoogleAuthUtilities.framework */,
				6F5B2627D3434253B9FAF24E /* GoogleNetworkingUtilities.framework */,
				4ADB2E61A65347D58537AAAC /* GoogleSignIn.framework */,
				5AC7D903B11C4085816876FD /* GoogleSymbolUtilities.framework */,
				7264894804D24BADB013D65E /* GoogleUtilities.framework */,
				E1A37957BC1A46449FA5EE0E /* AddressBook.framework */,
				CD2B6C24C29A4D558F80E441 /* CoreText.framework */,
				89D24213BC5E4FAC89DCC968 /* Security.framework */,
				DE8B572AACAD443991F3F6D6 /* SystemConfiguration.framework */,
				DF304D2AB551427CB05729A1 /* libz.tbd */,
				B2895DC97FE24EBD8AC056A1 /* libz.dylib */,
			);
			name = Frameworks;
			sourceTree = "<group>";
		};
		301BF52E109A57CC0062928A /* Products */ = {
			isa = PBXGroup;
			children = (
				301BF535109A57CC0062928A /* libCordova.a */,
			);
			name = Products;
			sourceTree = "<group>";
		};
		3047A50E1AB8057F00498E2A /* config */ = {
			isa = PBXGroup;
			children = (
				3047A50F1AB8059700498E2A /* build-debug.xcconfig */,
				3047A5101AB8059700498E2A /* build-release.xcconfig */,
				3047A5111AB8059700498E2A /* build.xcconfig */,
			);
			name = config;
			sourceTree = "<group>";
		};
		307C750510C5A3420062BCA9 /* Plugins */ = {
			isa = PBXGroup;
			children = (
				22F0A727875F4BBD8C7664A1 /* CDVLogger.m */,
				8F92F58CD7A24172A08963EB /* CDVLogger.h */,
				5B3C13B1710046ED832086E9 /* CDVStatusBar.m */,
				6461936C9FDD4F609FEEA844 /* CDVStatusBar.h */,
				25DE0FA176DF4A8EA8B46C19 /* CDVInAppBrowser.m */,
				CFB14AAF28E244748229BE8F /* CDVInAppBrowser.h */,
				25374A02BD28411192E6B394 /* CULPlugin.m */,
				B0DBC8C2FDB3425B9595761A /* AppDelegate+CULPlugin.m */,
				57E23372FFB94D0AAC4AB133 /* CDVPluginResult+CULPlugin.m */,
				741B37D46AAC439B83040658 /* CDVInvokedUrlCommand+CULPlugin.m */,
				5C43BE1A45954427B422C88D /* CULHost.m */,
				7A9053AC60074A979EBB613F /* CULPath.m */,
				5EA77DBA74FE487DA88CD859 /* CULXmlTags.m */,
				5D647404BA82459FB36D6146 /* CULConfigXmlParser.m */,
				274C968664D5436E81C25821 /* NSBundle+CULPlugin.m */,
				0D5381F6443143208033495C /* CULPlugin.h */,
				253C1176BB2F45019E36EC0B /* AppDelegate+CULPlugin.h */,
				95B0A26207FE4D38ADFE1388 /* CDVPluginResult+CULPlugin.h */,
				F7EEE7A7FFB74E6491CD3D06 /* CDVInvokedUrlCommand+CULPlugin.h */,
				11311747504C4484A6BC3898 /* CULHost.h */,
				5778D040AEBF4BDBB4E1060C /* CULPath.h */,
				80392D8310D3498F8E79CB4E /* CULXmlTags.h */,
				8A5E7182BD3549CAAD3AD781 /* CULConfigXmlParser.h */,
				37AF9F1FC75D4442B903AF62 /* NSBundle+CULPlugin.h */,
				7E503670968A47D7888CA5CF /* CBTBrowserTab.m */,
				C25F2A685B2747C5A58CC820 /* CBTBrowserTab.h */,
				A863BFB57C4647CE93288877 /* CDVBuildInfo.m */,
				F854AFF52BDF496788CE1FFF /* CDVBuildInfo.h */,
				A6858930673E43569F465CB3 /* GooglePlus.m */,
				20889B938BC04B96AD18F213 /* GooglePlus.h */,
				F5C9C944B7EE490FAF234AB9 /* CDVDevice.m */,
				3A890C31164E4829B19BB4C8 /* CDVDevice.h */,
				EFDB19D84AA144C2B82B7563 /* CDVSplashScreen.m */,
				B290CDD518924CD08E9666C0 /* CDVViewController+SplashScreen.m */,
				0EE4A7FDC9274322BBC7EA36 /* CDVSplashScreen.h */,
				1E960F3FC3D8441A811282C1 /* CDVViewController+SplashScreen.h */,
				6E367AA22FEB44A3923A3D2D /* SpinnerPlugin.m */,
				1E625BC793F247FBA2CD4D26 /* MBProgressHUD.m */,
				A72F999561B94A7D8BFA0A5A /* SpinnerPlugin.h */,
				C0F06DCA57FD46A8A1A54B69 /* MBProgressHUD.h */,
			);
			name = Plugins;
			path = "WhatToWatch_PG7/Plugins";
			sourceTree = SOURCE_ROOT;
		};
		EB87FDF11871DA420020F90C /* Staging */ = {
			isa = PBXGroup;
			children = (
				F840E1F0165FE0F500CFE078 /* config.xml */,
				301BF56E109A69640062928A /* www */,
			);
			name = Staging;
			sourceTree = "<group>";
		};
/* End PBXGroup section */

/* Begin PBXNativeTarget section */
		1D6058900D05DD3D006BFB54 /* WhatToWatch_PG7 */ = {
			isa = PBXNativeTarget;
			buildConfigurationList = 1D6058960D05DD3E006BFB54 /* Build configuration list for PBXNativeTarget "WhatToWatch_PG7" */;
			buildPhases = (
				304B58A110DAC018002A0835 /* Copy www directory */,
				1D60588D0D05DD3D006BFB54 /* Resources */,
				1D60588E0D05DD3D006BFB54 /* Sources */,
				1D60588F0D05DD3D006BFB54 /* Frameworks */,
			);
			buildRules = (
			);
			dependencies = (
				301BF551109A68C00062928A /* PBXTargetDependency */,
			);
			name = "WhatToWatch_PG7";
			productName = "WhatToWatch_PG7";
			productReference = 1D6058910D05DD3D006BFB54 /* WhatToWatch_PG7.app */;
			productType = "com.apple.product-type.application";
		};
/* End PBXNativeTarget section */

/* Begin PBXProject section */
		29B97313FDCFA39411CA2CEA /* Project object */ = {
			isa = PBXProject;
			attributes = {
				LastUpgradeCheck = 510;
			};
			buildConfigurationList = C01FCF4E08A954540054247B /* Build configuration list for PBXProject "__NON-CLI__" */;
			compatibilityVersion = "Xcode 3.2";
			developmentRegion = English;
			hasScannedForEncodings = 1;
			mainGroup = 29B97314FDCFA39411CA2CEA /* CustomTemplate */;
			projectDirPath = "";
			projectReferences = (
				{
					ProductGroup = 301BF52E109A57CC0062928A /* Products */;
					ProjectRef = 301BF52D109A57CC0062928A /* CordovaLib.xcodeproj */;
				},
			);
			projectRoot = "";
			targets = (
				1D6058900D05DD3D006BFB54 /* WhatToWatch_PG7 */,
			);
		};
/* End PBXProject section */

/* Begin PBXReferenceProxy section */
		301BF535109A57CC0062928A /* libCordova.a */ = {
			isa = PBXReferenceProxy;
			fileType = archive.ar;
			path = libCordova.a;
			remoteRef = 301BF534109A57CC0062928A /* PBXContainerItemProxy */;
			sourceTree = BUILT_PRODUCTS_DIR;
		};
/* End PBXReferenceProxy section */

/* Begin PBXResourcesBuildPhase section */
		1D60588D0D05DD3D006BFB54 /* Resources */ = {
			isa = PBXResourcesBuildPhase;
			buildActionMask = 2147483647;
			files = (
				302D95F214D2391D003F00A1 /* MainViewController.xib in Resources */,
				0207DA581B56EA530066E2B4 /* Images.xcassets in Resources */,
				6AFF5BF91D6E424B00AB3073 /* CDVLaunchScreen.storyboard in Resources */,
				9255D549399B43F98EEC4314 /* WhatToWatch_PG7.entitlements in Resources */,
			);
			runOnlyForDeploymentPostprocessing = 0;
		};
/* End PBXResourcesBuildPhase section */

/* Begin PBXShellScriptBuildPhase section */
		304B58A110DAC018002A0835 /* Copy www directory */ = {
			isa = PBXShellScriptBuildPhase;
			buildActionMask = 2147483647;
			files = (
			);
			inputPaths = (
			);
			name = "Copy www directory";
			outputPaths = (
			);
			runOnlyForDeploymentPostprocessing = 0;
			shellPath = /bin/sh;
			shellScript = "NODEJS_PATH=/usr/local/bin; NVM_NODE_PATH=~/.nvm/versions/node/`nvm version 2>/dev/null`/bin; N_NODE_PATH=`find /usr/local/n/versions/node/* -maxdepth 0 -type d 2>/dev/null | tail -1`/bin; XCODE_NODE_PATH=`xcode-select --print-path`/usr/share/xcs/Node/bin; PATH=$NODEJS_PATH:$NVM_NODE_PATH:$N_NODE_PATH:$XCODE_NODE_PATH:$PATH && node cordova/lib/copy-www-build-step.js";
			showEnvVarsInLog = 0;
		};
/* End PBXShellScriptBuildPhase section */

/* Begin PBXSourcesBuildPhase section */
		1D60588E0D05DD3D006BFB54 /* Sources */ = {
			isa = PBXSourcesBuildPhase;
			buildActionMask = 2147483647;
			files = (
				1D60589B0D05DD56006BFB54 /* main.m in Sources */,
				1D3623260D0F684500981E51 /* AppDelegate.m in Sources */,
				302D95F114D2391D003F00A1 /* MainViewController.m in Sources */,
				EE2BC3AD82474A7390137D54 /* CDVLogger.m in Sources */,
				7973A1BEEAE14F29B0D119F8 /* CDVStatusBar.m in Sources */,
				AD2572BB09DD4FF3AEDB06E6 /* CDVInAppBrowser.m in Sources */,
				AE484ECFAA6446DEAA25C42D /* CULPlugin.m in Sources */,
				C56E93B8CA16483B91ACBA19 /* AppDelegate+CULPlugin.m in Sources */,
				0B4FB3EE0C30443498A3024B /* CDVPluginResult+CULPlugin.m in Sources */,
				5BFDFF2A012E4F44A1352D9A /* CDVInvokedUrlCommand+CULPlugin.m in Sources */,
				B249C3ECAFD34FA6971C75A1 /* CULHost.m in Sources */,
				3C9724BB191947B080B6CD58 /* CULPath.m in Sources */,
				685A70595B084387987E4CEA /* CULXmlTags.m in Sources */,
				322221B78F63468D977C0119 /* CULConfigXmlParser.m in Sources */,
				710588F7A1524D8CB8C52997 /* NSBundle+CULPlugin.m in Sources */,
				31C2EFC967C841E69DD9FABC /* CBTBrowserTab.m in Sources */,
				27F7A319973A4213B1A1B957 /* CDVBuildInfo.m in Sources */,
				BF5BE7F030B74C1D966F4C28 /* GooglePlus.m in Sources */,
				3E16D526CFF8458D9CDA2AA3 /* CDVDevice.m in Sources */,
				2AAC52F441C9415E9DA4BA05 /* CDVSplashScreen.m in Sources */,
				08D71B7F26B342A786DC4D9A /* CDVViewController+SplashScreen.m in Sources */,
				BB40E36F659543D89141F4D5 /* SpinnerPlugin.m in Sources */,
				C91929D869C944509A7D3F19 /* MBProgressHUD.m in Sources */,
			);
			runOnlyForDeploymentPostprocessing = 0;
		};
/* End PBXSourcesBuildPhase section */

/* Begin PBXTargetDependency section */
		301BF551109A68C00062928A /* PBXTargetDependency */ = {
			isa = PBXTargetDependency;
			name = CordovaLib;
			targetProxy = 301BF550109A68C00062928A /* PBXContainerItemProxy */;
		};
/* End PBXTargetDependency section */

/* Begin XCBuildConfiguration section */
		1D6058940D05DD3E006BFB54 /* Debug */ = {
			isa = XCBuildConfiguration;
			baseConfigurationReference = 3047A50F1AB8059700498E2A /* build-debug.xcconfig */;
			buildSettings = {
				ALWAYS_SEARCH_USER_PATHS = NO;
				ASSETCATALOG_COMPILER_APPICON_NAME = AppIcon;
				ASSETCATALOG_COMPILER_LAUNCHIMAGE_NAME = LaunchImage;
				CLANG_ENABLE_MODULES = YES;
				CLANG_ENABLE_OBJC_ARC = YES;
				COPY_PHASE_STRIP = NO;
				GCC_DYNAMIC_NO_PIC = NO;
				GCC_OPTIMIZATION_LEVEL = 0;
				GCC_PRECOMPILE_PREFIX_HEADER = YES;
				GCC_PREFIX_HEADER = "WhatToWatch_PG7/WhatToWatch_PG7-Prefix.pch";
				GCC_THUMB_SUPPORT = NO;
				GCC_VERSION = "";
				INFOPLIST_FILE = "WhatToWatch_PG7/WhatToWatch_PG7-Info.plist";
				IPHONEOS_DEPLOYMENT_TARGET = 8.0;
				LD_RUNPATH_SEARCH_PATHS = "@executable_path/Frameworks";
				TARGETED_DEVICE_FAMILY = "1,2";
				PRODUCT_NAME = "WhatToWatch_PG7";
				FRAMEWORK_SEARCH_PATHS = (
					"$(inherited)",
					"\"WhatToWatch_PG7/Plugins/cordova-plugin-googleplus\"",
					"\"WhatToWatch_PG7/Plugins/cordova-plugin-googleplus\"",
					"\"WhatToWatch_PG7/Plugins/cordova-plugin-googleplus\"",
					"\"WhatToWatch_PG7/Plugins/cordova-plugin-googleplus\"",
					"\"WhatToWatch_PG7/Plugins/cordova-plugin-googleplus\"",
					"\"WhatToWatch_PG7/Plugins/cordova-plugin-googleplus\"",
				);
				CODE_SIGN_ENTITLEMENTS = "WhatToWatch_PG7\Resources\WhatToWatch_PG7.entitlements";
			};
			name = Debug;
		};
		1D6058950D05DD3E006BFB54 /* Release */ = {
			isa = XCBuildConfiguration;
			baseConfigurationReference = 3047A5101AB8059700498E2A /* build-release.xcconfig */;
			buildSettings = {
				ALWAYS_SEARCH_USER_PATHS = NO;
				ASSETCATALOG_COMPILER_APPICON_NAME = AppIcon;
				ASSETCATALOG_COMPILER_LAUNCHIMAGE_NAME = LaunchImage;
				CLANG_ENABLE_MODULES = YES;
				CLANG_ENABLE_OBJC_ARC = YES;
				COPY_PHASE_STRIP = YES;
				GCC_PRECOMPILE_PREFIX_HEADER = YES;
				GCC_PREFIX_HEADER = "WhatToWatch_PG7/WhatToWatch_PG7-Prefix.pch";
				GCC_THUMB_SUPPORT = NO;
				GCC_VERSION = "";
				INFOPLIST_FILE = "WhatToWatch_PG7/WhatToWatch_PG7-Info.plist";
				IPHONEOS_DEPLOYMENT_TARGET = 8.0;
				LD_RUNPATH_SEARCH_PATHS = "@executable_path/Frameworks";
				TARGETED_DEVICE_FAMILY = "1,2";
				PRODUCT_NAME = "WhatToWatch_PG7";
				FRAMEWORK_SEARCH_PATHS = (
					"$(inherited)",
					"\"WhatToWatch_PG7/Plugins/cordova-plugin-googleplus\"",
					"\"WhatToWatch_PG7/Plugins/cordova-plugin-googleplus\"",
					"\"WhatToWatch_PG7/Plugins/cordova-plugin-googleplus\"",
					"\"WhatToWatch_PG7/Plugins/cordova-plugin-googleplus\"",
					"\"WhatToWatch_PG7/Plugins/cordova-plugin-googleplus\"",
					"\"WhatToWatch_PG7/Plugins/cordova-plugin-googleplus\"",
				);
				CODE_SIGN_ENTITLEMENTS = "WhatToWatch_PG7\Resources\WhatToWatch_PG7.entitlements";
			};
			name = Release;
		};
		C01FCF4F08A954540054247B /* Debug */ = {
			isa = XCBuildConfiguration;
			baseConfigurationReference = 3047A5111AB8059700498E2A /* build.xcconfig */;
			buildSettings = {
				CLANG_ENABLE_MODULES = YES;
				CLANG_ENABLE_OBJC_ARC = YES;
				CLANG_WARN_BOOL_CONVERSION = YES;
				CLANG_WARN_CONSTANT_CONVERSION = YES;
				CLANG_WARN_EMPTY_BODY = YES;
				CLANG_WARN_ENUM_CONVERSION = YES;
				CLANG_WARN_INT_CONVERSION = YES;
				CLANG_WARN__DUPLICATE_METHOD_MATCH = YES;
				GCC_C_LANGUAGE_STANDARD = c99;
				GCC_THUMB_SUPPORT = NO;
				GCC_VERSION = "";
				GCC_WARN_ABOUT_RETURN_TYPE = YES;
				GCC_WARN_UNDECLARED_SELECTOR = YES;
				GCC_WARN_UNINITIALIZED_AUTOS = YES;
				GCC_WARN_UNUSED_FUNCTION = YES;
				GCC_WARN_UNUSED_VARIABLE = YES;
				ONLY_ACTIVE_ARCH = YES;
				SDKROOT = iphoneos;
				SKIP_INSTALL = NO;
				CODE_SIGN_ENTITLEMENTS = "WhatToWatch_PG7\Resources\WhatToWatch_PG7.entitlements";
				IPHONEOS_DEPLOYMENT_TARGET = 8.0;
				ASSETCATALOG_COMPILER_LAUNCHIMAGE_NAME = LaunchImage;
			};
			name = Debug;
		};
		C01FCF5008A954540054247B /* Release */ = {
			isa = XCBuildConfiguration;
			baseConfigurationReference = 3047A5111AB8059700498E2A /* build.xcconfig */;
			buildSettings = {
				CLANG_ENABLE_MODULES = YES;
				CLANG_ENABLE_OBJC_ARC = YES;
				CLANG_WARN_BOOL_CONVERSION = YES;
				CLANG_WARN_CONSTANT_CONVERSION = YES;
				CLANG_WARN_EMPTY_BODY = YES;
				CLANG_WARN_ENUM_CONVERSION = YES;
				CLANG_WARN_INT_CONVERSION = YES;
				CLANG_WARN__DUPLICATE_METHOD_MATCH = YES;
				GCC_C_LANGUAGE_STANDARD = c99;
				GCC_THUMB_SUPPORT = NO;
				GCC_VERSION = "";
				GCC_WARN_ABOUT_RETURN_TYPE = YES;
				GCC_WARN_UNDECLARED_SELECTOR = YES;
				GCC_WARN_UNINITIALIZED_AUTOS = YES;
				GCC_WARN_UNUSED_FUNCTION = YES;
				GCC_WARN_UNUSED_VARIABLE = YES;
				SDKROOT = iphoneos;
				SKIP_INSTALL = NO;
				CODE_SIGN_ENTITLEMENTS = "WhatToWatch_PG7\Resources\WhatToWatch_PG7.entitlements";
				IPHONEOS_DEPLOYMENT_TARGET = 8.0;
				ASSETCATALOG_COMPILER_LAUNCHIMAGE_NAME = LaunchImage;
			};
			name = Release;
		};
/* End XCBuildConfiguration section */

/* Begin XCConfigurationList section */
		1D6058960D05DD3E006BFB54 /* Build configuration list for PBXNativeTarget "WhatToWatch_PG7" */ = {
			isa = XCConfigurationList;
			buildConfigurations = (
				1D6058940D05DD3E006BFB54 /* Debug */,
				1D6058950D05DD3E006BFB54 /* Release */,
			);
			defaultConfigurationIsVisible = 0;
			defaultConfigurationName = Release;
		};
		C01FCF4E08A954540054247B /* Build configuration list for PBXProject "__NON-CLI__" */ = {
			isa = XCConfigurationList;
			buildConfigurations = (
				C01FCF4F08A954540054247B /* Debug */,
				C01FCF5008A954540054247B /* Release */,
			);
			defaultConfigurationIsVisible = 0;
			defaultConfigurationName = Release;
		};
/* End XCConfigurationList section */
	};
	rootObject = 29B97313FDCFA39411CA2CEA /* Project object */;
}
